
Microsoft Visual Studio Solution File, Format Version 12.00
# Visual Studio Version 17
VisualStudioVersion = 17.8.34330.188
MinimumVisualStudioVersion = 10.0.40219.1
Project("{FAE04EC0-301F-11D3-BF4B-00C04F79EFBC}") = "InventoryOperationsApis", "InventoryOperationsApis\InventoryOperationsApis.csproj", "{5C9EB441-8EC1-4C0E-8716-19FECD2BB98F}"
EndProject
Global
	GlobalSection(SolutionConfigurationPlatforms) = preSolution
		Debug|Any CPU = Debug|Any CPU
		Release|Any CPU = Release|Any CPU
	EndGlobalSection
	GlobalSection(ProjectConfigurationPlatforms) = postSolution
		{5C9EB441-8EC1-4C0E-8716-19FECD2BB98F}.Debug|Any CPU.ActiveCfg = Debug|Any CPU
		{5C9EB441-8EC1-4C0E-8716-19FECD2BB98F}.Debug|Any CPU.Build.0 = Debug|Any CPU
		{5C9EB441-8EC1-4C0E-8716-19FECD2BB98F}.Release|Any CPU.ActiveCfg = Release|Any CPU
		{5C9EB441-8EC1-4C0E-8716-19FECD2BB98F}.Release|Any CPU.Build.0 = Release|Any CPU
	EndGlobalSection
	GlobalSection(SolutionProperties) = preSolution
		HideSolutionNode = FALSE
	EndGlobalSection
	GlobalSection(ExtensibilityGlobals) = postSolution
		SolutionGuid = {95994D35-EAA6-4812-80F6-4C332CED2F4D}
	EndGlobalSection
EndGlobal
